
Microsoft Visual Studio Solution File, Format Version 12.00
# Visual Studio Version 17
VisualStudioVersion = 17.10.35122.118
MinimumVisualStudioVersion = 10.0.40219.1
Project("{FAE04EC0-301F-11D3-BF4B-00C04F79EFBC}") = "BirthdayInPi", "BirthdayInPi.csproj", "{ECB90C8E-CC15-4559-AABD-EA341170765A}"
EndProject
Global
	GlobalSection(SolutionConfigurationPlatforms) = preSolution
		Debug|Any CPU = Debug|Any CPU
		Release|Any CPU = Release|Any CPU
	EndGlobalSection
	GlobalSection(ProjectConfigurationPlatforms) = postSolution
		{ECB90C8E-CC15-4559-AABD-EA341170765A}.Debug|Any CPU.ActiveCfg = Debug|Any CPU
		{ECB90C8E-CC15-4559-AABD-EA341170765A}.Debug|Any CPU.Build.0 = Debug|Any CPU
		{ECB90C8E-CC15-4559-AABD-EA341170765A}.Release|Any CPU.ActiveCfg = Release|Any CPU
		{ECB90C8E-CC15-4559-AABD-EA341170765A}.Release|Any CPU.Build.0 = Release|Any CPU
	EndGlobalSection
	GlobalSection(SolutionProperties) = preSolution
		HideSolutionNode = FALSE
	EndGlobalSection
	GlobalSection(ExtensibilityGlobals) = postSolution
		SolutionGuid = {8EC8BE15-2F84-4719-976F-D8980862B95E}
	EndGlobalSection
EndGlobal
